
Microsoft Visual Studio Solution File, Format Version 12.00
# Visual Studio 15
VisualStudioVersion = 15.0.28307.1321
MinimumVisualStudioVersion = 10.0.40219.1
Project("{FAE04EC0-301F-11D3-BF4B-00C04F79EFBC}") = "STAR_FIELD", "STAR_FIELD\STAR_FIELD.csproj", "{4D993470-7A21-4BBF-A6DC-7DDFE3FA925E}"
EndProject
Global
	GlobalSection(SolutionConfigurationPlatforms) = preSolution
		Debug|Any CPU = Debug|Any CPU
		Release|Any CPU = Release|Any CPU
	EndGlobalSection
	GlobalSection(ProjectConfigurationPlatforms) = postSolution
		{4D993470-7A21-4BBF-A6DC-7DDFE3FA925E}.Debug|Any CPU.ActiveCfg = Debug|Any CPU
		{4D993470-7A21-4BBF-A6DC-7DDFE3FA925E}.Debug|Any CPU.Build.0 = Debug|Any CPU
		{4D993470-7A21-4BBF-A6DC-7DDFE3FA925E}.Release|Any CPU.ActiveCfg = Release|Any CPU
		{4D993470-7A21-4BBF-A6DC-7DDFE3FA925E}.Release|Any CPU.Build.0 = Release|Any CPU
	EndGlobalSection
	GlobalSection(SolutionProperties) = preSolution
		HideSolutionNode = FALSE
	EndGlobalSection
	GlobalSection(ExtensibilityGlobals) = postSolution
		SolutionGuid = {CDD0BBDC-A246-4F05-BE6B-3A71448BD962}
	EndGlobalSection
EndGlobal
